hash: 9aac6725d216c082438c1ab8f9ff56988ff3189a5a2bf589f7e2c62c59f9e651
updated: 2017-12-22T18:49:55.752110198+09:00
imports:
- name: github.com/gorilla/context
  version: 08b5f424b9271eedf6f9f0ce86cb9396ed337a42
- name: github.com/gorilla/mux
  version: 7f08801859139f86dfafd1c296e2cba9a80d292e
- name: github.com/gorilla/rpc
  version: 22c016f3df3febe0c1f6727598b6389507e03a18
  subpackages:
  - v2
  - v2/json2
testImports: []
